PODS:
  - Alamofire (4.5.0)
  - SideMenu (2.3.2)
  - SwiftyJSON (3.1.4)

DEPENDENCIES:
  - Alamofire
  - SideMenu
  - SwiftyJSON

SPEC CHECKSUMS:
  Alamofire: f28cdffd29de33a7bfa022cbd63ae95a27fae140
  SideMenu: 3fa07dd05d4bade2b6f9889fb1877e312e1ba319
  SwiftyJSON: c2842d878f95482ffceec5709abc3d05680c0220

PODFILE CHECKSUM: 63f3d29f69a07bf33ac87ec67757ceea1778d1f7

COCOAPODS: 1.2.1
