// !$*UTF8*$!
{
	archiveVersion = 1;
	classes = {
	};
	objectVersion = 46;
	objects = {

/* Begin PBXBuildFile section */
		16C996AD204E5BA78937A913 /* Pods_IgniteGreenhouse.framework in Frameworks */ = {isa = PBXBuildFile; fileRef = CCB864D356C8EDA265C64178 /* Pods_IgniteGreenhouse.framework */; };
		812DB21A1F0B83BE002A4F09 /* DevicesVC.swift in Sources */ = {isa = PBXBuildFile; fileRef = 812DB2191F0B83BE002A4F09 /* DevicesVC.swift */; };
		813BA71A1F067DCB00F25EC0 /* IGSensor.swift in Sources */ = {isa = PBXBuildFile; fileRef = 813BA7191F067DCB00F25EC0 /* IGSensor.swift */; };
		813BA71C1F0685F000F25EC0 /* SensorsVC.swift in Sources */ = {isa = PBXBuildFile; fileRef = 813BA71B1F0685F000F25EC0 /* SensorsVC.swift */; };
		813F39DC1F0558C1008B2E84 /* IGDevice.swift in Sources */ = {isa = PBXBuildFile; fileRef = 813F39DB1F0558C1008B2E84 /* IGDevice.swift */; };
		815A91941F0547DC0066C186 /* HomeVC.swift in Sources */ = {isa = PBXBuildFile; fileRef = 815A91931F0547DC0066C186 /* HomeVC.swift */; };
		81663E711F051F58002F52D3 /* Constants.swift in Sources */ = {isa = PBXBuildFile; fileRef = 81663E701F051F58002F52D3 /* Constants.swift */; };
		81663E731F052A09002F52D3 /* IgniteAPI.swift in Sources */ = {isa = PBXBuildFile; fileRef = 81663E721F052A09002F52D3 /* IgniteAPI.swift */; };
		81663E751F052A4A002F52D3 /* IGUser.swift in Sources */ = {isa = PBXBuildFile; fileRef = 81663E741F052A4A002F52D3 /* IGUser.swift */; };
		8173C8F61F04F62400C0175F /* AppDelegate.swift in Sources */ = {isa = PBXBuildFile; fileRef = 8173C8F51F04F62400C0175F /* AppDelegate.swift */; };
		8173C8F81F04F62400C0175F /* LoginVC.swift in Sources */ = {isa = PBXBuildFile; fileRef = 8173C8F71F04F62400C0175F /* LoginVC.swift */; };
		8173C8FB1F04F62400C0175F /* Main.storyboard in Resources */ = {isa = PBXBuildFile; fileRef = 8173C8F91F04F62400C0175F /* Main.storyboard */; };
		8173C8FD1F04F62400C0175F /* Assets.xcassets in Resources */ = {isa = PBXBuildFile; fileRef = 8173C8FC1F04F62400C0175F /* Assets.xcassets */; };
		8173C9001F04F62400C0175F /* LaunchScreen.storyboard in Resources */ = {isa = PBXBuildFile; fileRef = 8173C8FE1F04F62400C0175F /* LaunchScreen.storyboard */; };
		81807E481F0AE07B007F9424 /* MenuVC.swift in Sources */ = {isa = PBXBuildFile; fileRef = 81807E471F0AE07B007F9424 /* MenuVC.swift */; };
		81807E4A1F0AE21E007F9424 /* MenuCell.swift in Sources */ = {isa = PBXBuildFile; fileRef = 81807E491F0AE21E007F9424 /* MenuCell.swift */; };
		81E103091F05A148003907F8 /* DeviceCell.swift in Sources */ = {isa = PBXBuildFile; fileRef = 81E103071F05A148003907F8 /* DeviceCell.swift */; };
		81E1030A1F05A148003907F8 /* DeviceCell.xib in Resources */ = {isa = PBXBuildFile; fileRef = 81E103081F05A148003907F8 /* DeviceCell.xib */; };
		81F24CB11F062D5100F09EB3 /* IGSensorData.swift in Sources */ = {isa = PBXBuildFile; fileRef = 81F24CB01F062D5100F09EB3 /* IGSensorData.swift */; };
		81F24CB31F06323D00F09EB3 /* NodesVC.swift in Sources */ = {isa = PBXBuildFile; fileRef = 81F24CB21F06323D00F09EB3 /* NodesVC.swift */; };
		81F24CB51F063C6500F09EB3 /* IGNode.swift in Sources */ = {isa = PBXBuildFile; fileRef = 81F24CB41F063C6500F09EB3 /* IGNode.swift */; };
/* End PBXBuildFile section */

/* Begin PBXFileReference section */
		27BFCD535AB96595BDDF6569 /* Pods-IgniteGreenhouse.debug.xcconfig */ = {isa = PBXFileReference; includeInIndex = 1; lastKnownFileType = text.xcconfig; name = "Pods-IgniteGreenhouse.debug.xcconfig"; path = "Pods/Target Support Files/Pods-IgniteGreenhouse/Pods-IgniteGreenhouse.debug.xcconfig"; sourceTree = "<group>"; };
		812DB2191F0B83BE002A4F09 /* DevicesVC.swift */ = {isa = PBXFileReference; fileEncoding = 4; lastKnownFileType = sourcecode.swift; path = DevicesVC.swift; sourceTree = "<group>"; };
		813BA7191F067DCB00F25EC0 /* IGSensor.swift */ = {isa = PBXFileReference; fileEncoding = 4; lastKnownFileType = sourcecode.swift; path = IGSensor.swift; sourceTree = "<group>"; };
		813BA71B1F0685F000F25EC0 /* SensorsVC.swift */ = {isa = PBXFileReference; fileEncoding = 4; lastKnownFileType = sourcecode.swift; path = SensorsVC.swift; sourceTree = "<group>"; };
		813F39DB1F0558C1008B2E84 /* IGDevice.swift */ = {isa = PBXFileReference; fileEncoding = 4; lastKnownFileType = sourcecode.swift; path = IGDevice.swift; sourceTree = "<group>"; };
		815A91931F0547DC0066C186 /* HomeVC.swift */ = {isa = PBXFileReference; fileEncoding = 4; lastKnownFileType = sourcecode.swift; path = HomeVC.swift; sourceTree = "<group>"; };
		81663E701F051F58002F52D3 /* Constants.swift */ = {isa = PBXFileReference; fileEncoding = 4; lastKnownFileType = sourcecode.swift; name = Constants.swift; path = IgniteGreenhouse/Constants.swift; sourceTree = "<group>"; };
		81663E721F052A09002F52D3 /* IgniteAPI.swift */ = {isa = PBXFileReference; fileEncoding = 4; lastKnownFileType = sourcecode.swift; path = IgniteAPI.swift; sourceTree = "<group>"; };
		81663E741F052A4A002F52D3 /* IGUser.swift */ = {isa = PBXFileReference; fileEncoding = 4; lastKnownFileType = sourcecode.swift; path = IGUser.swift; sourceTree = "<group>"; };
		8173C8F21F04F62400C0175F /* IgniteGreenhouse.app */ = {isa = PBXFileReference; explicitFileType = wrapper.application; includeInIndex = 0; path = IgniteGreenhouse.app; sourceTree = BUILT_PRODUCTS_DIR; };
		8173C8F51F04F62400C0175F /* AppDelegate.swift */ = {isa = PBXFileReference; lastKnownFileType = sourcecode.swift; path = AppDelegate.swift; sourceTree = "<group>"; };
		8173C8F71F04F62400C0175F /* LoginVC.swift */ = {isa = PBXFileReference; lastKnownFileType = sourcecode.swift; path = LoginVC.swift; sourceTree = "<group>"; };
		8173C8FA1F04F62400C0175F /* Base */ = {isa = PBXFileReference; lastKnownFileType = file.storyboard; name = Base; path = Base.lproj/Main.storyboard; sourceTree = "<group>"; };
		8173C8FC1F04F62400C0175F /* Assets.xcassets */ = {isa = PBXFileReference; lastKnownFileType = folder.assetcatalog; name = Assets.xcassets; path = IgniteGreenhouse/Assets.xcassets; sourceTree = "<group>"; };
		8173C8FF1F04F62400C0175F /* Base */ = {isa = PBXFileReference; lastKnownFileType = file.storyboard; name = Base; path = Base.lproj/LaunchScreen.storyboard; sourceTree = "<group>"; };
		8173C9011F04F62400C0175F /* Info.plist */ = {isa = PBXFileReference; lastKnownFileType = text.plist.xml; path = Info.plist; sourceTree = "<group>"; };
		81807E471F0AE07B007F9424 /* MenuVC.swift */ = {isa = PBXFileReference; fileEncoding = 4; lastKnownFileType = sourcecode.swift; path = MenuVC.swift; sourceTree = "<group>"; };
		81807E491F0AE21E007F9424 /* MenuCell.swift */ = {isa = PBXFileReference; fileEncoding = 4; lastKnownFileType = sourcecode.swift; path = MenuCell.swift; sourceTree = "<group>"; };
		81E103071F05A148003907F8 /* DeviceCell.swift */ = {isa = PBXFileReference; fileEncoding = 4; lastKnownFileType = sourcecode.swift; path = DeviceCell.swift; sourceTree = "<group>"; };
		81E103081F05A148003907F8 /* DeviceCell.xib */ = {isa = PBXFileReference; fileEncoding = 4; lastKnownFileType = file.xib; path = DeviceCell.xib; sourceTree = "<group>"; };
		81F24CB01F062D5100F09EB3 /* IGSensorData.swift */ = {isa = PBXFileReference; fileEncoding = 4; lastKnownFileType = sourcecode.swift; path = IGSensorData.swift; sourceTree = "<group>"; };
		81F24CB21F06323D00F09EB3 /* NodesVC.swift */ = {isa = PBXFileReference; fileEncoding = 4; lastKnownFileType = sourcecode.swift; path = NodesVC.swift; sourceTree = "<group>"; };
		81F24CB41F063C6500F09EB3 /* IGNode.swift */ = {isa = PBXFileReference; fileEncoding = 4; lastKnownFileType = sourcecode.swift; path = IGNode.swift; sourceTree = "<group>"; };
		CCB864D356C8EDA265C64178 /* Pods_IgniteGreenhouse.framework */ = {isa = PBXFileReference; explicitFileType = wrapper.framework; includeInIndex = 0; path = Pods_IgniteGreenhouse.framework; sourceTree = BUILT_PRODUCTS_DIR; };
		F8FDE3ABDC3518DABCB6223F /* Pods-IgniteGreenhouse.release.xcconfig */ = {isa = PBXFileReference; includeInIndex = 1; lastKnownFileType = text.xcconfig; name = "Pods-IgniteGreenhouse.release.xcconfig"; path = "Pods/Target Support Files/Pods-IgniteGreenhouse/Pods-IgniteGreenhouse.release.xcconfig"; sourceTree = "<group>"; };
/* End PBXFileReference section */

/* Begin PBXFrameworksBuildPhase section */
		8173C8EF1F04F62400C0175F /* Frameworks */ = {
			isa = PBXFrameworksBuildPhase;
			buildActionMask = 2147483647;
			files = (
				16C996AD204E5BA78937A913 /* Pods_IgniteGreenhouse.framework in Frameworks */,
			);
			runOnlyForDeploymentPostprocessing = 0;
		};
/* End PBXFrameworksBuildPhase section */

/* Begin PBXGroup section */
		41E707AF8ED0A64399524565 /* Frameworks */ = {
			isa = PBXGroup;
			children = (
				CCB864D356C8EDA265C64178 /* Pods_IgniteGreenhouse.framework */,
			);
			name = Frameworks;
			sourceTree = "<group>";
		};
		756BD83D991255E0FA723B2F /* Pods */ = {
			isa = PBXGroup;
			children = (
				27BFCD535AB96595BDDF6569 /* Pods-IgniteGreenhouse.debug.xcconfig */,
				F8FDE3ABDC3518DABCB6223F /* Pods-IgniteGreenhouse.release.xcconfig */,
			);
			name = Pods;
			sourceTree = "<group>";
		};
		8173C8E91F04F62400C0175F = {
			isa = PBXGroup;
			children = (
				8173C8F41F04F62400C0175F /* IgniteGreenhouse */,
				8173C8F31F04F62400C0175F /* Products */,
				756BD83D991255E0FA723B2F /* Pods */,
				41E707AF8ED0A64399524565 /* Frameworks */,
			);
			sourceTree = "<group>";
		};
		8173C8F31F04F62400C0175F /* Products */ = {
			isa = PBXGroup;
			children = (
				8173C8F21F04F62400C0175F /* IgniteGreenhouse.app */,
			);
			name = Products;
			sourceTree = "<group>";
		};
		8173C8F41F04F62400C0175F /* IgniteGreenhouse */ = {
			isa = PBXGroup;
			children = (
				8173C9091F04F64800C0175F /* Model */,
				8173C9081F04F63A00C0175F /* View */,
				8173C9071F04F63100C0175F /* Controller */,
				8173C90B1F04F66100C0175F /* Resources */,
				8173C90A1F04F65300C0175F /* Other */,
			);
			path = IgniteGreenhouse;
			sourceTree = "<group>";
		};
		8173C9071F04F63100C0175F /* Controller */ = {
			isa = PBXGroup;
			children = (
				8173C8F71F04F62400C0175F /* LoginVC.swift */,
				81807E471F0AE07B007F9424 /* MenuVC.swift */,
				815A91931F0547DC0066C186 /* HomeVC.swift */,
				812DB2191F0B83BE002A4F09 /* DevicesVC.swift */,
				81F24CB21F06323D00F09EB3 /* NodesVC.swift */,
				813BA71B1F0685F000F25EC0 /* SensorsVC.swift */,
			);
			name = Controller;
			sourceTree = "<group>";
		};
		8173C9081F04F63A00C0175F /* View */ = {
			isa = PBXGroup;
			children = (
				8173C8F91F04F62400C0175F /* Main.storyboard */,
				81807E491F0AE21E007F9424 /* MenuCell.swift */,
				81E103071F05A148003907F8 /* DeviceCell.swift */,
				81E103081F05A148003907F8 /* DeviceCell.xib */,
			);
			name = View;
			sourceTree = "<group>";
		};
		8173C9091F04F64800C0175F /* Model */ = {
			isa = PBXGroup;
			children = (
				81663E721F052A09002F52D3 /* IgniteAPI.swift */,
				81663E741F052A4A002F52D3 /* IGUser.swift */,
				813F39DB1F0558C1008B2E84 /* IGDevice.swift */,
				81F24CB41F063C6500F09EB3 /* IGNode.swift */,
				813BA7191F067DCB00F25EC0 /* IGSensor.swift */,
				81F24CB01F062D5100F09EB3 /* IGSensorData.swift */,
			);
			name = Model;
			sourceTree = "<group>";
		};
		8173C90A1F04F65300C0175F /* Other */ = {
			isa = PBXGroup;
			children = (
				8173C8F51F04F62400C0175F /* AppDelegate.swift */,
				8173C8FE1F04F62400C0175F /* LaunchScreen.storyboard */,
				8173C9011F04F62400C0175F /* Info.plist */,
			);
			name = Other;
			sourceTree = "<group>";
		};
		8173C90B1F04F66100C0175F /* Resources */ = {
			isa = PBXGroup;
			children = (
				81663E701F051F58002F52D3 /* Constants.swift */,
				8173C8FC1F04F62400C0175F /* Assets.xcassets */,
			);
			name = Resources;
			path = ..;
			sourceTree = "<group>";
		};
/* End PBXGroup section */

/* Begin PBXNativeTarget section */
		8173C8F11F04F62400C0175F /* IgniteGreenhouse */ = {
			isa = PBXNativeTarget;
			buildConfigurationList = 8173C9041F04F62400C0175F /* Build configuration list for PBXNativeTarget "IgniteGreenhouse" */;
			buildPhases = (
				FEFA618AC755F1DE1E73E448 /* [CP] Check Pods Manifest.lock */,
				8173C8EE1F04F62400C0175F /* Sources */,
				8173C8EF1F04F62400C0175F /* Frameworks */,
				8173C8F01F04F62400C0175F /* Resources */,
				29EF86F738E8F5211EFE0E3F /* [CP] Embed Pods Frameworks */,
				2D7FB1054D6BEEA4437328F7 /* [CP] Copy Pods Resources */,
			);
			buildRules = (
			);
			dependencies = (
			);
			name = IgniteGreenhouse;
			productName = IgniteGreenhouse;
			productReference = 8173C8F21F04F62400C0175F /* IgniteGreenhouse.app */;
			productType = "com.apple.product-type.application";
		};
/* End PBXNativeTarget section */

/* Begin PBXProject section */
		8173C8EA1F04F62400C0175F /* Project object */ = {
			isa = PBXProject;
			attributes = {
				LastSwiftUpdateCheck = 0830;
				LastUpgradeCheck = 0830;
				ORGANIZATIONNAME = ARDIC;
				TargetAttributes = {
					8173C8F11F04F62400C0175F = {
						CreatedOnToolsVersion = 8.3.3;
						DevelopmentTeam = HYE6963K2F;
						ProvisioningStyle = Automatic;
					};
				};
			};
			buildConfigurationList = 8173C8ED1F04F62400C0175F /* Build configuration list for PBXProject "IgniteGreenhouse" */;
			compatibilityVersion = "Xcode 3.2";
			developmentRegion = English;
			hasScannedForEncodings = 0;
			knownRegions = (
				en,
				Base,
			);
			mainGroup = 8173C8E91F04F62400C0175F;
			productRefGroup = 8173C8F31F04F62400C0175F /* Products */;
			projectDirPath = "";
			projectRoot = "";
			targets = (
				8173C8F11F04F62400C0175F /* IgniteGreenhouse */,
			);
		};
/* End PBXProject section */

/* Begin PBXResourcesBuildPhase section */
		8173C8F01F04F62400C0175F /* Resources */ = {
			isa = PBXResourcesBuildPhase;
			buildActionMask = 2147483647;
			files = (
				8173C9001F04F62400C0175F /* LaunchScreen.storyboard in Resources */,
				8173C8FD1F04F62400C0175F /* Assets.xcassets in Resources */,
				8173C8FB1F04F62400C0175F /* Main.storyboard in Resources */,
				81E1030A1F05A148003907F8 /* DeviceCell.xib in Resources */,
			);
			runOnlyForDeploymentPostprocessing = 0;
		};
/* End PBXResourcesBuildPhase section */

/* Begin PBXShellScriptBuildPhase section */
		29EF86F738E8F5211EFE0E3F /* [CP] Embed Pods Frameworks */ = {
			isa = PBXShellScriptBuildPhase;
			buildActionMask = 2147483647;
			files = (
			);
			inputPaths = (
			);
			name = "[CP] Embed Pods Frameworks";
			outputPaths = (
			);
			runOnlyForDeploymentPostprocessing = 0;
			shellPath = /bin/sh;
			shellScript = "\"${SRCROOT}/Pods/Target Support Files/Pods-IgniteGreenhouse/Pods-IgniteGreenhouse-frameworks.sh\"\n";
			showEnvVarsInLog = 0;
		};
		2D7FB1054D6BEEA4437328F7 /* [CP] Copy Pods Resources */ = {
			isa = PBXShellScriptBuildPhase;
			buildActionMask = 2147483647;
			files = (
			);
			inputPaths = (
			);
			name = "[CP] Copy Pods Resources";
			outputPaths = (
			);
			runOnlyForDeploymentPostprocessing = 0;
			shellPath = /bin/sh;
			shellScript = "\"${SRCROOT}/Pods/Target Support Files/Pods-IgniteGreenhouse/Pods-IgniteGreenhouse-resources.sh\"\n";
			showEnvVarsInLog = 0;
		};
		FEFA618AC755F1DE1E73E448 /* [CP] Check Pods Manifest.lock */ = {
			isa = PBXShellScriptBuildPhase;
			buildActionMask = 2147483647;
			files = (
			);
			inputPaths = (
			);
			name = "[CP] Check Pods Manifest.lock";
			outputPaths = (
			);
			runOnlyForDeploymentPostprocessing = 0;
			shellPath = /bin/sh;
			shellScript = "diff \"${PODS_PODFILE_DIR_PATH}/Podfile.lock\" \"${PODS_ROOT}/Manifest.lock\" > /dev/null\nif [ $? != 0 ] ; then\n    # print error to STDERR\n    echo \"error: The sandbox is not in sync with the Podfile.lock. Run 'pod install' or update your CocoaPods installation.\" >&2\n    exit 1\nfi\n";
			showEnvVarsInLog = 0;
		};
/* End PBXShellScriptBuildPhase section */

/* Begin PBXSourcesBuildPhase section */
		8173C8EE1F04F62400C0175F /* Sources */ = {
			isa = PBXSourcesBuildPhase;
			buildActionMask = 2147483647;
			files = (
				81663E731F052A09002F52D3 /* IgniteAPI.swift in Sources */,
				8173C8F81F04F62400C0175F /* LoginVC.swift in Sources */,
				813BA71C1F0685F000F25EC0 /* SensorsVC.swift in Sources */,
				81807E481F0AE07B007F9424 /* MenuVC.swift in Sources */,
				8173C8F61F04F62400C0175F /* AppDelegate.swift in Sources */,
				81E103091F05A148003907F8 /* DeviceCell.swift in Sources */,
				812DB21A1F0B83BE002A4F09 /* DevicesVC.swift in Sources */,
				81F24CB31F06323D00F09EB3 /* NodesVC.swift in Sources */,
				81F24CB51F063C6500F09EB3 /* IGNode.swift in Sources */,
				815A91941F0547DC0066C186 /* HomeVC.swift in Sources */,
				81663E751F052A4A002F52D3 /* IGUser.swift in Sources */,
				813F39DC1F0558C1008B2E84 /* IGDevice.swift in Sources */,
				81807E4A1F0AE21E007F9424 /* MenuCell.swift in Sources */,
				81663E711F051F58002F52D3 /* Constants.swift in Sources */,
				81F24CB11F062D5100F09EB3 /* IGSensorData.swift in Sources */,
				813BA71A1F067DCB00F25EC0 /* IGSensor.swift in Sources */,
			);
			runOnlyForDeploymentPostprocessing = 0;
		};
/* End PBXSourcesBuildPhase section */

/* Begin PBXVariantGroup section */
		8173C8F91F04F62400C0175F /* Main.storyboard */ = {
			isa = PBXVariantGroup;
			children = (
				8173C8FA1F04F62400C0175F /* Base */,
			);
			name = Main.storyboard;
			sourceTree = "<group>";
		};
		8173C8FE1F04F62400C0175F /* LaunchScreen.storyboard */ = {
			isa = PBXVariantGroup;
			children = (
				8173C8FF1F04F62400C0175F /* Base */,
			);
			name = LaunchScreen.storyboard;
			sourceTree = "<group>";
		};
/* End PBXVariantGroup section */

/* Begin XCBuildConfiguration section */
		8173C9021F04F62400C0175F /* Debug */ = {
			isa = XCBuildConfiguration;
			buildSettings = {
				ALWAYS_SEARCH_USER_PATHS = NO;
				CLANG_ANALYZER_NONNULL = YES;
				CLANG_ANALYZER_NUMBER_OBJECT_CONVERSION = YES_AGGRESSIVE;
				CLANG_CXX_LANGUAGE_STANDARD = "gnu++0x";
				CLANG_CXX_LIBRARY = "libc++";
				CLANG_ENABLE_MODULES = YES;
				CLANG_ENABLE_OBJC_ARC = YES;
				CLANG_WARN_BOOL_CONVERSION = YES;
				CLANG_WARN_CONSTANT_CONVERSION = YES;
				CLANG_WARN_DIRECT_OBJC_ISA_USAGE = YES_ERROR;
				CLANG_WARN_DOCUMENTATION_COMMENTS = YES;
				CLANG_WARN_EMPTY_BODY = YES;
				CLANG_WARN_ENUM_CONVERSION = YES;
				CLANG_WARN_INFINITE_RECURSION = YES;
				CLANG_WARN_INT_CONVERSION = YES;
				CLANG_WARN_OBJC_ROOT_CLASS = YES_ERROR;
				CLANG_WARN_SUSPICIOUS_MOVE = YES;
				CLANG_WARN_UNREACHABLE_CODE = YES;
				CLANG_WARN__DUPLICATE_METHOD_MATCH = YES;
				"CODE_SIGN_IDENTITY[sdk=iphoneos*]" = "iPhone Developer";
				COPY_PHASE_STRIP = NO;
				DEBUG_INFORMATION_FORMAT = dwarf;
				ENABLE_STRICT_OBJC_MSGSEND = YES;
				ENABLE_TESTABILITY = YES;
				GCC_C_LANGUAGE_STANDARD = gnu99;
				GCC_DYNAMIC_NO_PIC = NO;
				GCC_NO_COMMON_BLOCKS = YES;
				GCC_OPTIMIZATION_LEVEL = 0;
				GCC_PREPROCESSOR_DEFINITIONS = (
					"DEBUG=1",
					"$(inherited)",
				);
				GCC_WARN_64_TO_32_BIT_CONVERSION = YES;
				GCC_WARN_ABOUT_RETURN_TYPE = YES_ERROR;
				GCC_WARN_UNDECLARED_SELECTOR = YES;
				GCC_WARN_UNINITIALIZED_AUTOS = YES_AGGRESSIVE;
				GCC_WARN_UNUSED_FUNCTION = YES;
				GCC_WARN_UNUSED_VARIABLE = YES;
				IPHONEOS_DEPLOYMENT_TARGET = 10.3;
				MTL_ENABLE_DEBUG_INFO = YES;
				ONLY_ACTIVE_ARCH = YES;
				SDKROOT = iphoneos;
				SWIFT_ACTIVE_COMPILATION_CONDITIONS = DEBUG;
				SWIFT_OPTIMIZATION_LEVEL = "-Onone";
				TARGETED_DEVICE_FAMILY = "1,2";
			};
			name = Debug;
		};
		8173C9031F04F62400C0175F /* Release */ = {
			isa = XCBuildConfiguration;
			buildSettings = {
				ALWAYS_SEARCH_USER_PATHS = NO;
				CLANG_ANALYZER_NONNULL = YES;
				CLANG_ANALYZER_NUMBER_OBJECT_CONVERSION = YES_AGGRESSIVE;
				CLANG_CXX_LANGUAGE_STANDARD = "gnu++0x";
				CLANG_CXX_LIBRARY = "libc++";
				CLANG_ENABLE_MODULES = YES;
				CLANG_ENABLE_OBJC_ARC = YES;
				CLANG_WARN_BOOL_CONVERSION = YES;
				CLANG_WARN_CONSTANT_CONVERSION = YES;
				CLANG_WARN_DIRECT_OBJC_ISA_USAGE = YES_ERROR;
				CLANG_WARN_DOCUMENTATION_COMMENTS = YES;
				CLANG_WARN_EMPTY_BODY = YES;
				CLANG_WARN_ENUM_CONVERSION = YES;
				CLANG_WARN_INFINITE_RECURSION = YES;
				CLANG_WARN_INT_CONVERSION = YES;
				CLANG_WARN_OBJC_ROOT_CLASS = YES_ERROR;
				CLANG_WARN_SUSPICIOUS_MOVE = YES;
				CLANG_WARN_UNREACHABLE_CODE = YES;
				CLANG_WARN__DUPLICATE_METHOD_MATCH = YES;
				"CODE_SIGN_IDENTITY[sdk=iphoneos*]" = "iPhone Developer";
				COPY_PHASE_STRIP = NO;
				DEBUG_INFORMATION_FORMAT = "dwarf-with-dsym";
				ENABLE_NS_ASSERTIONS = NO;
				ENABLE_STRICT_OBJC_MSGSEND = YES;
				GCC_C_LANGUAGE_STANDARD = gnu99;
				GCC_NO_COMMON_BLOCKS = YES;
				GCC_WARN_64_TO_32_BIT_CONVERSION = YES;
				GCC_WARN_ABOUT_RETURN_TYPE = YES_ERROR;
				GCC_WARN_UNDECLARED_SELECTOR = YES;
				GCC_WARN_UNINITIALIZED_AUTOS = YES_AGGRESSIVE;
				GCC_WARN_UNUSED_FUNCTION = YES;
				GCC_WARN_UNUSED_VARIABLE = YES;
				IPHONEOS_DEPLOYMENT_TARGET = 10.3;
				MTL_ENABLE_DEBUG_INFO = NO;
				SDKROOT = iphoneos;
				SWIFT_OPTIMIZATION_LEVEL = "-Owholemodule";
				TARGETED_DEVICE_FAMILY = "1,2";
				VALIDATE_PRODUCT = YES;
			};
			name = Release;
		};
		8173C9051F04F62400C0175F /* Debug */ = {
			isa = XCBuildConfiguration;
			baseConfigurationReference = 27BFCD535AB96595BDDF6569 /* Pods-IgniteGreenhouse.debug.xcconfig */;
			buildSettings = {
				ASSETCATALOG_COMPILER_APPICON_NAME = AppIcon;
				DEVELOPMENT_TEAM = HYE6963K2F;
				INFOPLIST_FILE = IgniteGreenhouse/Info.plist;
				LD_RUNPATH_SEARCH_PATHS = "$(inherited) @executable_path/Frameworks";
				PRODUCT_BUNDLE_IDENTIFIER = com.ardic.ios.IgniteGreenhouse;
				PRODUCT_NAME = "$(TARGET_NAME)";
				SWIFT_VERSION = 3.0;
			};
			name = Debug;
		};
		8173C9061F04F62400C0175F /* Release */ = {
			isa = XCBuildConfiguration;
			baseConfigurationReference = F8FDE3ABDC3518DABCB6223F /* Pods-IgniteGreenhouse.release.xcconfig */;
			buildSettings = {
				ASSETCATALOG_COMPILER_APPICON_NAME = AppIcon;
				DEVELOPMENT_TEAM = HYE6963K2F;
				INFOPLIST_FILE = IgniteGreenhouse/Info.plist;
				LD_RUNPATH_SEARCH_PATHS = "$(inherited) @executable_path/Frameworks";
				PRODUCT_BUNDLE_IDENTIFIER = com.ardic.ios.IgniteGreenhouse;
				PRODUCT_NAME = "$(TARGET_NAME)";
				SWIFT_VERSION = 3.0;
			};
			name = Release;
		};
/* End XCBuildConfiguration section */

/* Begin XCConfigurationList section */
		8173C8ED1F04F62400C0175F /* Build configuration list for PBXProject "IgniteGreenhouse" */ = {
			isa = XCConfigurationList;
			buildConfigurations = (
				8173C9021F04F62400C0175F /* Debug */,
				8173C9031F04F62400C0175F /* Release */,
			);
			defaultConfigurationIsVisible = 0;
			defaultConfigurationName = Release;
		};
		8173C9041F04F62400C0175F /* Build configuration list for PBXNativeTarget "IgniteGreenhouse" */ = {
			isa = XCConfigurationList;
			buildConfigurations = (
				8173C9051F04F62400C0175F /* Debug */,
				8173C9061F04F62400C0175F /* Release */,
			);
			defaultConfigurationIsVisible = 0;
			defaultConfigurationName = Release;
		};
/* End XCConfigurationList section */
	};
	rootObject = 8173C8EA1F04F62400C0175F /* Project object */;
}
